// !$*UTF8*$!
{
	archiveVersion = 1;
	classes = {
	};
	objectVersion = 56;
	objects = {

/* Begin PBXBuildFile section */
		5645D91B2C047E3E00A250EF /* LICENSE in Resources */ = {isa = PBXBuildFile; fileRef = 5645D9192C047E3D00A250EF /* LICENSE */; };
		5645D91C2C047E3E00A250EF /* README.md in Resources */ = {isa = PBXBuildFile; fileRef = 5645D91A2C047E3E00A250EF /* README.md */; };
		56BAA87C2C041EFF001AFBBE /* AppDelegate.m in Sources */ = {isa = PBXBuildFile; fileRef = 56BAA87B2C041EFF001AFBBE /* AppDelegate.m */; };
		56BAA87F2C041EFF001AFBBE /* SceneDelegate.m in Sources */ = {isa = PBXBuildFile; fileRef = 56BAA87E2C041EFF001AFBBE /* SceneDelegate.m */; };
		56BAA8822C041EFF001AFBBE /* ViewController.m in Sources */ = {isa = PBXBuildFile; fileRef = 56BAA8812C041EFF001AFBBE /* ViewController.m */; };
		56BAA8852C041EFF001AFBBE /* Main.storyboard in Resources */ = {isa = PBXBuildFile; fileRef = 56BAA8832C041EFF001AFBBE /* Main.storyboard */; };
		56BAA8872C041F01001AFBBE /* Assets.xcassets in Resources */ = {isa = PBXBuildFile; fileRef = 56BAA8862C041F01001AFBBE /* Assets.xcassets */; };
		56BAA88A2C041F01001AFBBE /* LaunchScreen.storyboard in Resources */ = {isa = PBXBuildFile; fileRef = 56BAA8882C041F01001AFBBE /* LaunchScreen.storyboard */; };
		56BAA88D2C041F01001AFBBE /* main.m in Sources */ = {isa = PBXBuildFile; fileRef = 56BAA88C2C041F01001AFBBE /* main.m */; };
		56BAA8942C042301001AFBBE /* MOLPayXDK.framework in Frameworks */ = {isa = PBXBuildFile; fileRef = 56BAA8932C042301001AFBBE /* MOLPayXDK.framework */; };
		56BAA8972C0423F7001AFBBE /* Bridge.swift in Sources */ = {isa = PBXBuildFile; fileRef = 56BAA8962C0423F7001AFBBE /* Bridge.swift */; };
/* End PBXBuildFile section */

/* Begin PBXFileReference section */
		5645D9192C047E3D00A250EF /* LICENSE */ = {isa = PBXFileReference; fileEncoding = 4; lastKnownFileType = text; path = LICENSE; sourceTree = "<group>"; };
		5645D91A2C047E3E00A250EF /* README.md */ = {isa = PBXFileReference; fileEncoding = 4; lastKnownFileType = net.daringfireball.markdown; path = README.md; sourceTree = "<group>"; };
		56BAA8772C041EFF001AFBBE /* Mobile-XDK-Fiuu_Objective-C.app */ = {isa = PBXFileReference; explicitFileType = wrapper.application; includeInIndex = 0; path = "Mobile-XDK-Fiuu_Objective-C.app"; sourceTree = BUILT_PRODUCTS_DIR; };
		56BAA87A2C041EFF001AFBBE /* AppDelegate.h */ = {isa = PBXFileReference; lastKnownFileType = sourcecode.c.h; path = AppDelegate.h; sourceTree = "<group>"; };
		56BAA87B2C041EFF001AFBBE /* AppDelegate.m */ = {isa = PBXFileReference; lastKnownFileType = sourcecode.c.objc; path = AppDelegate.m; sourceTree = "<group>"; };
		56BAA87D2C041EFF001AFBBE /* SceneDelegate.h */ = {isa = PBXFileReference; lastKnownFileType = sourcecode.c.h; path = SceneDelegate.h; sourceTree = "<group>"; };
		56BAA87E2C041EFF001AFBBE /* SceneDelegate.m */ = {isa = PBXFileReference; lastKnownFileType = sourcecode.c.objc; path = SceneDelegate.m; sourceTree = "<group>"; };
		56BAA8802C041EFF001AFBBE /* ViewController.h */ = {isa = PBXFileReference; lastKnownFileType = sourcecode.c.h; path = ViewController.h; sourceTree = "<group>"; };
		56BAA8812C041EFF001AFBBE /* ViewController.m */ = {isa = PBXFileReference; lastKnownFileType = sourcecode.c.objc; path = ViewController.m; sourceTree = "<group>"; };
		56BAA8842C041EFF001AFBBE /* Base */ = {isa = PBXFileReference; lastKnownFileType = file.storyboard; name = Base; path = Base.lproj/Main.storyboard; sourceTree = "<group>"; };
		56BAA8862C041F01001AFBBE /* Assets.xcassets */ = {isa = PBXFileReference; lastKnownFileType = folder.assetcatalog; path = Assets.xcassets; sourceTree = "<group>"; };
		56BAA8892C041F01001AFBBE /* Base */ = {isa = PBXFileReference; lastKnownFileType = file.storyboard; name = Base; path = Base.lproj/LaunchScreen.storyboard; sourceTree = "<group>"; };
		56BAA88B2C041F01001AFBBE /* Info.plist */ = {isa = PBXFileReference; lastKnownFileType = text.plist.xml; path = Info.plist; sourceTree = "<group>"; };
		56BAA88C2C041F01001AFBBE /* main.m */ = {isa = PBXFileReference; lastKnownFileType = sourcecode.c.objc; path = main.m; sourceTree = "<group>"; };
		56BAA8932C042301001AFBBE /* MOLPayXDK.framework */ = {isa = PBXFileReference; lastKnownFileType = wrapper.framework; path = MOLPayXDK.framework; sourceTree = "<group>"; };
		56BAA8952C0423F6001AFBBE /* Mobile-XDK-Fiuu_Objective-C-Bridging-Header.h */ = {isa = PBXFileReference; lastKnownFileType = sourcecode.c.h; path = "Mobile-XDK-Fiuu_Objective-C-Bridging-Header.h"; sourceTree = "<group>"; };
		56BAA8962C0423F7001AFBBE /* Bridge.swift */ = {isa = PBXFileReference; lastKnownFileType = sourcecode.swift; path = Bridge.swift; sourceTree = "<group>"; };
/* End PBXFileReference section */

/* Begin PBXFrameworksBuildPhase section */
		56BAA8742C041EFF001AFBBE /* Frameworks */ = {
			isa = PBXFrameworksBuildPhase;
			buildActionMask = 2147483647;
			files = (
				56BAA8942C042301001AFBBE /* MOLPayXDK.framework in Frameworks */,
			);
			runOnlyForDeploymentPostprocessing = 0;
		};
/* End PBXFrameworksBuildPhase section */

/* Begin PBXGroup section */
		5645D9182C047DFE00A250EF /* XDK_information */ = {
			isa = PBXGroup;
			children = (
				5645D9192C047E3D00A250EF /* LICENSE */,
				5645D91A2C047E3E00A250EF /* README.md */,
			);
			name = XDK_information;
			sourceTree = "<group>";
		};
		56BAA86E2C041EFF001AFBBE = {
			isa = PBXGroup;
			children = (
				5645D9182C047DFE00A250EF /* XDK_information */,
				56BAA8932C042301001AFBBE /* MOLPayXDK.framework */,
				56BAA8792C041EFF001AFBBE /* Mobile-XDK-Fiuu_Objective-C */,
				56BAA8782C041EFF001AFBBE /* Products */,
			);
			sourceTree = "<group>";
		};
		56BAA8782C041EFF001AFBBE /* Products */ = {
			isa = PBXGroup;
			children = (
				56BAA8772C041EFF001AFBBE /* Mobile-XDK-Fiuu_Objective-C.app */,
			);
			name = Products;
			sourceTree = "<group>";
		};
		56BAA8792C041EFF001AFBBE /* Mobile-XDK-Fiuu_Objective-C */ = {
			isa = PBXGroup;
			children = (
				56BAA87A2C041EFF001AFBBE /* AppDelegate.h */,
				56BAA87B2C041EFF001AFBBE /* AppDelegate.m */,
				56BAA87D2C041EFF001AFBBE /* SceneDelegate.h */,
				56BAA87E2C041EFF001AFBBE /* SceneDelegate.m */,
				56BAA8802C041EFF001AFBBE /* ViewController.h */,
				56BAA8812C041EFF001AFBBE /* ViewController.m */,
				56BAA8832C041EFF001AFBBE /* Main.storyboard */,
				56BAA8862C041F01001AFBBE /* Assets.xcassets */,
				56BAA8882C041F01001AFBBE /* LaunchScreen.storyboard */,
				56BAA88B2C041F01001AFBBE /* Info.plist */,
				56BAA88C2C041F01001AFBBE /* main.m */,
				56BAA8962C0423F7001AFBBE /* Bridge.swift */,
				56BAA8952C0423F6001AFBBE /* Mobile-XDK-Fiuu_Objective-C-Bridging-Header.h */,
			);
			path = "Mobile-XDK-Fiuu_Objective-C";
			sourceTree = "<group>";
		};
/* End PBXGroup section */

/* Begin PBXNativeTarget section */
		56BAA8762C041EFF001AFBBE /* Mobile-XDK-Fiuu_Objective-C */ = {
			isa = PBXNativeTarget;
			buildConfigurationList = 56BAA8902C041F01001AFBBE /* Build configuration list for PBXNativeTarget "Mobile-XDK-Fiuu_Objective-C" */;
			buildPhases = (
				56BAA8732C041EFF001AFBBE /* Sources */,
				56BAA8742C041EFF001AFBBE /* Frameworks */,
				56BAA8752C041EFF001AFBBE /* Resources */,
			);
			buildRules = (
			);
			dependencies = (
			);
			name = "Mobile-XDK-Fiuu_Objective-C";
			productName = "Mobile-XDK-Fiuu_Objective-C";
			productReference = 56BAA8772C041EFF001AFBBE /* Mobile-XDK-Fiuu_Objective-C.app */;
			productType = "com.apple.product-type.application";
		};
/* End PBXNativeTarget section */

/* Begin PBXProject section */
		56BAA86F2C041EFF001AFBBE /* Project object */ = {
			isa = PBXProject;
			attributes = {
				BuildIndependentTargetsInParallel = 1;
				LastUpgradeCheck = 1430;
				TargetAttributes = {
					56BAA8762C041EFF001AFBBE = {
						CreatedOnToolsVersion = 14.3.1;
						LastSwiftMigration = 1430;
					};
				};
			};
			buildConfigurationList = 56BAA8722C041EFF001AFBBE /* Build configuration list for PBXProject "Mobile-XDK-Fiuu_Objective-C" */;
			compatibilityVersion = "Xcode 14.0";
			developmentRegion = en;
			hasScannedForEncodings = 0;
			knownRegions = (
				en,
				Base,
			);
			mainGroup = 56BAA86E2C041EFF001AFBBE;
			productRefGroup = 56BAA8782C041EFF001AFBBE /* Products */;
			projectDirPath = "";
			projectRoot = "";
			targets = (
				56BAA8762C041EFF001AFBBE /* Mobile-XDK-Fiuu_Objective-C */,
			);
		};
/* End PBXProject section */

/* Begin PBXResourcesBuildPhase section */
		56BAA8752C041EFF001AFBBE /* Resources */ = {
			isa = PBXResourcesBuildPhase;
			buildActionMask = 2147483647;
			files = (
				56BAA88A2C041F01001AFBBE /* LaunchScreen.storyboard in Resources */,
				56BAA8872C041F01001AFBBE /* Assets.xcassets in Resources */,
				5645D91C2C047E3E00A250EF /* README.md in Resources */,
				5645D91B2C047E3E00A250EF /* LICENSE in Resources */,
				56BAA8852C041EFF001AFBBE /* Main.storyboard in Resources */,
			);
			runOnlyForDeploymentPostprocessing = 0;
		};
/* End PBXResourcesBuildPhase section */

/* Begin PBXSourcesBuildPhase section */
		56BAA8732C041EFF001AFBBE /* Sources */ = {
			isa = PBXSourcesBuildPhase;
			buildActionMask = 2147483647;
			files = (
				56BAA8972C0423F7001AFBBE /* Bridge.swift in Sources */,
				56BAA8822C041EFF001AFBBE /* ViewController.m in Sources */,
				56BAA87C2C041EFF001AFBBE /* AppDelegate.m in Sources */,
				56BAA88D2C041F01001AFBBE /* main.m in Sources */,
				56BAA87F2C041EFF001AFBBE /* SceneDelegate.m in Sources */,
			);
			runOnlyForDeploymentPostprocessing = 0;
		};
/* End PBXSourcesBuildPhase section */

/* Begin PBXVariantGroup section */
		56BAA8832C041EFF001AFBBE /* Main.storyboard */ = {
			isa = PBXVariantGroup;
			children = (
				56BAA8842C041EFF001AFBBE /* Base */,
			);
			name = Main.storyboard;
			sourceTree = "<group>";
		};
		56BAA8882C041F01001AFBBE /* LaunchScreen.storyboard */ = {
			isa = PBXVariantGroup;
			children = (
				56BAA8892C041F01001AFBBE /* Base */,
			);
			name = LaunchScreen.storyboard;
			sourceTree = "<group>";
		};
/* End PBXVariantGroup section */

/* Begin XCBuildConfiguration section */
		56BAA88E2C041F01001AFBBE /* Debug */ = {
			isa = XCBuildConfiguration;
			buildSettings = {
				ALWAYS_SEARCH_USER_PATHS = NO;
				CLANG_ANALYZER_NONNULL = YES;
				CLANG_ANALYZER_NUMBER_OBJECT_CONVERSION = YES_AGGRESSIVE;
				CLANG_CXX_LANGUAGE_STANDARD = "gnu++20";
				CLANG_ENABLE_MODULES = YES;
				CLANG_ENABLE_OBJC_ARC = YES;
				CLANG_ENABLE_OBJC_WEAK = YES;
				CLANG_WARN_BLOCK_CAPTURE_AUTORELEASING = YES;
				CLANG_WARN_BOOL_CONVERSION = YES;
				CLANG_WARN_COMMA = YES;
				CLANG_WARN_CONSTANT_CONVERSION = YES;
				CLANG_WARN_DEPRECATED_OBJC_IMPLEMENTATIONS = YES;
				CLANG_WARN_DIRECT_OBJC_ISA_USAGE = YES_ERROR;
				CLANG_WARN_DOCUMENTATION_COMMENTS = YES;
				CLANG_WARN_EMPTY_BODY = YES;
				CLANG_WARN_ENUM_CONVERSION = YES;
				CLANG_WARN_INFINITE_RECURSION = YES;
				CLANG_WARN_INT_CONVERSION = YES;
				CLANG_WARN_NON_LITERAL_NULL_CONVERSION = YES;
				CLANG_WARN_OBJC_IMPLICIT_RETAIN_SELF = YES;
				CLANG_WARN_OBJC_LITERAL_CONVERSION = YES;
				CLANG_WARN_OBJC_ROOT_CLASS = YES_ERROR;
				CLANG_WARN_QUOTED_INCLUDE_IN_FRAMEWORK_HEADER = YES;
				CLANG_WARN_RANGE_LOOP_ANALYSIS = YES;
				CLANG_WARN_STRICT_PROTOTYPES = YES;
				CLANG_WARN_SUSPICIOUS_MOVE = YES;
				CLANG_WARN_UNGUARDED_AVAILABILITY = YES_AGGRESSIVE;
				CLANG_WARN_UNREACHABLE_CODE = YES;
				CLANG_WARN__DUPLICATE_METHOD_MATCH = YES;
				COPY_PHASE_STRIP = NO;
				DEBUG_INFORMATION_FORMAT = dwarf;
				ENABLE_STRICT_OBJC_MSGSEND = YES;
				ENABLE_TESTABILITY = YES;
				GCC_C_LANGUAGE_STANDARD = gnu11;
				GCC_DYNAMIC_NO_PIC = NO;
				GCC_NO_COMMON_BLOCKS = YES;
				GCC_OPTIMIZATION_LEVEL = 0;
				GCC_PREPROCESSOR_DEFINITIONS = (
					"DEBUG=1",
					"$(inherited)",
				);
				GCC_WARN_64_TO_32_BIT_CONVERSION = YES;
				GCC_WARN_ABOUT_RETURN_TYPE = YES_ERROR;
				GCC_WARN_UNDECLARED_SELECTOR = YES;
				GCC_WARN_UNINITIALIZED_AUTOS = YES_AGGRESSIVE;
				GCC_WARN_UNUSED_FUNCTION = YES;
				GCC_WARN_UNUSED_VARIABLE = YES;
				IPHONEOS_DEPLOYMENT_TARGET = 16.4;
				MTL_ENABLE_DEBUG_INFO = INCLUDE_SOURCE;
				MTL_FAST_MATH = YES;
				ONLY_ACTIVE_ARCH = YES;
				SDKROOT = iphoneos;
			};
			name = Debug;
		};
		56BAA88F2C041F01001AFBBE /* Release */ = {
			isa = XCBuildConfiguration;
			buildSettings = {
				ALWAYS_SEARCH_USER_PATHS = NO;
				CLANG_ANALYZER_NONNULL = YES;
				CLANG_ANALYZER_NUMBER_OBJECT_CONVERSION = YES_AGGRESSIVE;
				CLANG_CXX_LANGUAGE_STANDARD = "gnu++20";
				CLANG_ENABLE_MODULES = YES;
				CLANG_ENABLE_OBJC_ARC = YES;
				CLANG_ENABLE_OBJC_WEAK = YES;
				CLANG_WARN_BLOCK_CAPTURE_AUTORELEASING = YES;
				CLANG_WARN_BOOL_CONVERSION = YES;
				CLANG_WARN_COMMA = YES;
				CLANG_WARN_CONSTANT_CONVERSION = YES;
				CLANG_WARN_DEPRECATED_OBJC_IMPLEMENTATIONS = YES;
				CLANG_WARN_DIRECT_OBJC_ISA_USAGE = YES_ERROR;
				CLANG_WARN_DOCUMENTATION_COMMENTS = YES;
				CLANG_WARN_EMPTY_BODY = YES;
				CLANG_WARN_ENUM_CONVERSION = YES;
				CLANG_WARN_INFINITE_RECURSION = YES;
				CLANG_WARN_INT_CONVERSION = YES;
				CLANG_WARN_NON_LITERAL_NULL_CONVERSION = YES;
				CLANG_WARN_OBJC_IMPLICIT_RETAIN_SELF = YES;
				CLANG_WARN_OBJC_LITERAL_CONVERSION = YES;
				CLANG_WARN_OBJC_ROOT_CLASS = YES_ERROR;
				CLANG_WARN_QUOTED_INCLUDE_IN_FRAMEWORK_HEADER = YES;
				CLANG_WARN_RANGE_LOOP_ANALYSIS = YES;
				CLANG_WARN_STRICT_PROTOTYPES = YES;
				CLANG_WARN_SUSPICIOUS_MOVE = YES;
				CLANG_WARN_UNGUARDED_AVAILABILITY = YES_AGGRESSIVE;
				CLANG_WARN_UNREACHABLE_CODE = YES;
				CLANG_WARN__DUPLICATE_METHOD_MATCH = YES;
				COPY_PHASE_STRIP = NO;
				DEBUG_INFORMATION_FORMAT = "dwarf-with-dsym";
				ENABLE_NS_ASSERTIONS = NO;
				ENABLE_STRICT_OBJC_MSGSEND = YES;
				GCC_C_LANGUAGE_STANDARD = gnu11;
				GCC_NO_COMMON_BLOCKS = YES;
				GCC_WARN_64_TO_32_BIT_CONVERSION = YES;
				GCC_WARN_ABOUT_RETURN_TYPE = YES_ERROR;
				GCC_WARN_UNDECLARED_SELECTOR = YES;
				GCC_WARN_UNINITIALIZED_AUTOS = YES_AGGRESSIVE;
				GCC_WARN_UNUSED_FUNCTION = YES;
				GCC_WARN_UNUSED_VARIABLE = YES;
				IPHONEOS_DEPLOYMENT_TARGET = 16.4;
				MTL_ENABLE_DEBUG_INFO = NO;
				MTL_FAST_MATH = YES;
				SDKROOT = iphoneos;
				VALIDATE_PRODUCT = YES;
			};
			name = Release;
		};
		56BAA8912C041F01001AFBBE /* Debug */ = {
			isa = XCBuildConfiguration;
			buildSettings = {
				ASSETCATALOG_COMPILER_APPICON_NAME = AppIcon;
				ASSETCATALOG_COMPILER_GLOBAL_ACCENT_COLOR_NAME = AccentColor;
				CLANG_ENABLE_MODULES = YES;
				CODE_SIGN_STYLE = Automatic;
				CURRENT_PROJECT_VERSION = 1;
				DEVELOPMENT_TEAM = 66L78PU46C;
				"EXCLUDED_ARCHS[sdk=iphonesimulator*]" = arm64;
				FRAMEWORK_SEARCH_PATHS = (
					"$(inherited)",
					"$(PROJECT_DIR)",
				);
				GENERATE_INFOPLIST_FILE = YES;
				INFOPLIST_FILE = "Mobile-XDK-Fiuu_Objective-C/Info.plist";
				INFOPLIST_KEY_UIApplicationSupportsIndirectInputEvents = YES;
				INFOPLIST_KEY_UILaunchStoryboardName = LaunchScreen;
				INFOPLIST_KEY_UIMainStoryboardFile = Main;
				INFOPLIST_KEY_UISupportedInterfaceOrientations_iPad = "UIInterfaceOrientationPortrait UIInterfaceOrientationPortraitUpsideDown UIInterfaceOrientationLandscapeLeft UIInterfaceOrientationLandscapeRight";
				INFOPLIST_KEY_UISupportedInterfaceOrientations_iPhone = "UIInterfaceOrientationPortrait UIInterfaceOrientationLandscapeLeft UIInterfaceOrientationLandscapeRight";
				IPHONEOS_DEPLOYMENT_TARGET = 11.0;
				LD_RUNPATH_SEARCH_PATHS = (
					"$(inherited)",
					"@executable_path/Frameworks",
				);
				MARKETING_VERSION = 1.0;
				ONLY_ACTIVE_ARCH = NO;
				PRODUCT_BUNDLE_IDENTIFIER = "rms.com.Mobile-XDK-Fiuu-Objective-C";
				PRODUCT_NAME = "$(TARGET_NAME)";
				SWIFT_EMIT_LOC_STRINGS = YES;
				SWIFT_OBJC_BRIDGING_HEADER = "Mobile-XDK-Fiuu_Objective-C/Mobile-XDK-Fiuu_Objective-C-Bridging-Header.h";
				SWIFT_OPTIMIZATION_LEVEL = "-Onone";
				SWIFT_VERSION = 5.0;
				TARGETED_DEVICE_FAMILY = "1,2";
			};
			name = Debug;
		};
		56BAA8922C041F01001AFBBE /* Release */ = {
			isa = XCBuildConfiguration;
			buildSettings = {
				ASSETCATALOG_COMPILER_APPICON_NAME = AppIcon;
				ASSETCATALOG_COMPILER_GLOBAL_ACCENT_COLOR_NAME = AccentColor;
				CLANG_ENABLE_MODULES = YES;
				CODE_SIGN_STYLE = Automatic;
				CURRENT_PROJECT_VERSION = 1;
				DEVELOPMENT_TEAM = 66L78PU46C;
				FRAMEWORK_SEARCH_PATHS = (
					"$(inherited)",
					"$(PROJECT_DIR)",
				);
				GENERATE_INFOPLIST_FILE = YES;
				INFOPLIST_FILE = "Mobile-XDK-Fiuu_Objective-C/Info.plist";
				INFOPLIST_KEY_UIApplicationSupportsIndirectInputEvents = YES;
				INFOPLIST_KEY_UILaunchStoryboardName = LaunchScreen;
				INFOPLIST_KEY_UIMainStoryboardFile = Main;
				INFOPLIST_KEY_UISupportedInterfaceOrientations_iPad = "UIInterfaceOrientationPortrait UIInterfaceOrientationPortraitUpsideDown UIInterfaceOrientationLandscapeLeft UIInterfaceOrientationLandscapeRight";
				INFOPLIST_KEY_UISupportedInterfaceOrientations_iPhone = "UIInterfaceOrientationPortrait UIInterfaceOrientationLandscapeLeft UIInterfaceOrientationLandscapeRight";
				IPHONEOS_DEPLOYMENT_TARGET = 11.0;
				LD_RUNPATH_SEARCH_PATHS = (
					"$(inherited)",
					"@executable_path/Frameworks",
				);
				MARKETING_VERSION = 1.0;
				ONLY_ACTIVE_ARCH = YES;
				PRODUCT_BUNDLE_IDENTIFIER = "rms.com.Mobile-XDK-Fiuu-Objective-C";
				PRODUCT_NAME = "$(TARGET_NAME)";
				SWIFT_EMIT_LOC_STRINGS = YES;
				SWIFT_OBJC_BRIDGING_HEADER = "Mobile-XDK-Fiuu_Objective-C/Mobile-XDK-Fiuu_Objective-C-Bridging-Header.h";
				SWIFT_VERSION = 5.0;
				TARGETED_DEVICE_FAMILY = "1,2";
			};
			name = Release;
		};
/* End XCBuildConfiguration section */

/* Begin XCConfigurationList section */
		56BAA8722C041EFF001AFBBE /* Build configuration list for PBXProject "Mobile-XDK-Fiuu_Objective-C" */ = {
			isa = XCConfigurationList;
			buildConfigurations = (
				56BAA88E2C041F01001AFBBE /* Debug */,
				56BAA88F2C041F01001AFBBE /* Release */,
			);
			defaultConfigurationIsVisible = 0;
			defaultConfigurationName = Release;
		};
		56BAA8902C041F01001AFBBE /* Build configuration list for PBXNativeTarget "Mobile-XDK-Fiuu_Objective-C" */ = {
			isa = XCConfigurationList;
			buildConfigurations = (
				56BAA8912C041F01001AFBBE /* Debug */,
				56BAA8922C041F01001AFBBE /* Release */,
			);
			defaultConfigurationIsVisible = 0;
			defaultConfigurationName = Release;
		};
/* End XCConfigurationList section */
	};
	rootObject = 56BAA86F2C041EFF001AFBBE /* Project object */;
}
